<?xml version="1.0" encoding="utf-8"?>
<Project ToolsVersion="4.0" xmlns="http://schemas.microsoft.com/developer/msbuild/2003">
  <ItemGroup>
    <Filter Include="Shaders">
      <UniqueIdentifier>{c34f6400-6240-4ac2-a618-9529e06912d3}</UniqueIdentifier>
    </Filter>
    <Filter Include="Games">
      <UniqueIdentifier>{807e6c80-51cf-40f7-83c1-6bebd8da3097}</UniqueIdentifier>
    </Filter>
    <Filter Include="PlatformWindows">
      <UniqueIdentifier>{493c6387-9b13-46ee-b8c3-e63708935437}</UniqueIdentifier>
    </Filter>
  </ItemGroup>
  <ItemGroup>
    <FxCompile Include="$(MSBuildThisFileDirectory)Shaders\2DVertexShader.hlsl">
      <Filter>Shaders</Filter>
    </FxCompile>
    <FxCompile Include="$(MSBuildThisFileDirectory)Shaders\2DPixelShader.hlsl">
      <Filter>Shaders</Filter>
    </FxCompile>
    <FxCompile Include="$(MSBuildThisFileDirectory)Shaders\PixelShader.hlsl">
      <Filter>Shaders</Filter>
    </FxCompile>
    <FxCompile Include="$(MSBuildThisFileDirectory)Shaders\VertexShader.hlsl">
      <Filter>Shaders</Filter>
    </FxCompile>
    <FxCompile Include="$(MSBuildThisFileDirectory)Shaders\QuadPixelShader.hlsl">
      <Filter>Shaders</Filter>
    </FxCompile>
    <FxCompile Include="$(MSBuildThisFileDirectory)Shaders\QuadVertexShader.hlsl">
      <Filter>Shaders</Filter>
    </FxCompile>
  </ItemGroup>
  <ItemGroup>
    <ClCompile Include="$(MSBuildThisFileDirectory)src\Games\ExampleScenes.cpp">
      <Filter>Games</Filter>
    </ClCompile>
    <ClCompile Include="$(MSBuildThisFileDirectory)src\PlatformWindows\PlatformWindows.cpp">
      <Filter>PlatformWindows</Filter>
    </ClCompile>
    <ClCompile Include="$(MSBuildThisFileDirectory)src\PlatformWindows\WindowsMessageMap.cpp">
      <Filter>PlatformWindows</Filter>
    </ClCompile>
    <ClCompile Include="$(MSBuildThisFileDirectory)src\PlatformWindows\WinMain.cpp">
      <Filter>PlatformWindows</Filter>
    </ClCompile>
    <ClCompile Include="$(MSBuildThisFileDirectory)src\2DRendering.cpp" />
    <ClCompile Include="$(MSBuildThisFileDirectory)src\App.cpp" />
    <ClCompile Include="$(MSBuildThisFileDirectory)src\FontLibrary.cpp" />
    <ClCompile Include="$(MSBuildThisFileDirectory)src\ImageLibrary.cpp" />
    <ClCompile Include="$(MSBuildThisFileDirectory)src\Main.cpp" />
    <ClCompile Include="$(MSBuildThisFileDirectory)src\Memory.cpp" />
    <ClCompile Include="$(MSBuildThisFileDirectory)src\Input.cpp" />
    <ClCompile Include="$(MSBuildThisFileDirectory)src\PlatformWindows\GraphicsD3D11.cpp">
      <Filter>PlatformWindows</Filter>
    </ClCompile>
    <ClCompile Include="$(MSBuildThisFileDirectory)src\Graphics.cpp" />
    <ClCompile Include="$(MSBuildThisFileDirectory)src\Games\SpaceGame.cpp">
      <Filter>Games</Filter>
    </ClCompile>
    <ClCompile Include="$(MSBuildThisFileDirectory)src\GameDefinition.cpp" />
    <ClCompile Include="$(MSBuildThisFileDirectory)src\Random.cpp" />
  </ItemGroup>
  <ItemGroup>
    <ClInclude Include="$(MSBuildThisFileDirectory)src\Games\ExampleScenes.hpp">
      <Filter>Games</Filter>
    </ClInclude>
    <ClInclude Include="$(MSBuildThisFileDirectory)src\GameDefinition.hpp" />
    <ClInclude Include="$(MSBuildThisFileDirectory)src\PlatformWindows\PlatformWindows.hpp">
      <Filter>PlatformWindows</Filter>
    </ClInclude>
    <ClInclude Include="$(MSBuildThisFileDirectory)src\PlatformWindows\WindowsMessageMap.hpp">
      <Filter>PlatformWindows</Filter>
    </ClInclude>
    <ClInclude Include="$(MSBuildThisFileDirectory)src\2DRendering.hpp" />
    <ClInclude Include="$(MSBuildThisFileDirectory)src\App.hpp" />
    <ClInclude Include="$(MSBuildThisFileDirectory)src\Camera.hpp" />
    <ClInclude Include="$(MSBuildThisFileDirectory)src\Config.hpp" />
    <ClInclude Include="$(MSBuildThisFileDirectory)src\FileUtils.hpp" />
    <ClInclude Include="$(MSBuildThisFileDirectory)src\FontLibrary.hpp" />
    <ClInclude Include="$(MSBuildThisFileDirectory)src\Geometry.hpp" />
    <ClInclude Include="$(MSBuildThisFileDirectory)src\GeometryDebug.hpp" />
    <ClInclude Include="$(MSBuildThisFileDirectory)src\GeometryUtils.hpp" />
    <ClInclude Include="$(MSBuildThisFileDirectory)src\Glm.hpp" />
    <ClInclude Include="$(MSBuildThisFileDirectory)src\Graphics.hpp" />
    <ClInclude Include="$(MSBuildThisFileDirectory)src\GraphicsCommon.hpp" />
    <ClInclude Include="$(MSBuildThisFileDirectory)src\ImageLibrary.hpp" />
    <ClInclude Include="$(MSBuildThisFileDirectory)src\Input.hpp" />
    <ClInclude Include="$(MSBuildThisFileDirectory)src\Lighting.hpp" />
    <ClInclude Include="$(MSBuildThisFileDirectory)src\Logging.hpp" />
    <ClInclude Include="$(MSBuildThisFileDirectory)src\Materials.hpp" />
    <ClInclude Include="$(MSBuildThisFileDirectory)src\Math.hpp" />
    <ClInclude Include="$(MSBuildThisFileDirectory)src\Memory.hpp" />
    <ClInclude Include="$(MSBuildThisFileDirectory)src\Resources.hpp" />
    <ClInclude Include="$(MSBuildThisFileDirectory)src\TextureCatalog.hpp" />
    <ClInclude Include="$(MSBuildThisFileDirectory)src\Types.hpp" />
    <ClInclude Include="$(MSBuildThisFileDirectory)src\Utils.hpp" />
    <ClInclude Include="$(MSBuildThisFileDirectory)src\PlatformWindows\IncludeWin.hpp">
      <Filter>PlatformWindows</Filter>
    </ClInclude>
    <ClInclude Include="$(MSBuildThisFileDirectory)src\PlatformWindows\GraphicsD3D11.hpp">
      <Filter>PlatformWindows</Filter>
    </ClInclude>
    <ClInclude Include="$(MSBuildThisFileDirectory)src\Games\SpaceGame.hpp">
      <Filter>Games</Filter>
    </ClInclude>
    <ClInclude Include="$(MSBuildThisFileDirectory)src\Random.hpp" />
  </ItemGroup>
</Project>