<?xml version="1.0" encoding="utf-8"?>
<Project ToolsVersion="4.0" xmlns="http://schemas.microsoft.com/developer/msbuild/2003">
  <ItemGroup>
    <Filter Include="Shaders">
      <UniqueIdentifier>{c34f6400-6240-4ac2-a618-9529e06912d3}</UniqueIdentifier>
    </Filter>
    <Filter Include="Games">
      <UniqueIdentifier>{807e6c80-51cf-40f7-83c1-6bebd8da3097}</UniqueIdentifier>
    </Filter>
    <Filter Include="PlatformWindows">
      <UniqueIdentifier>{493c6387-9b13-46ee-b8c3-e63708935437}</UniqueIdentifier>
    </Filter>
  </ItemGroup>
  <ItemGroup>
    <FxCompile Include="$(MSBuildThisFileDirectory)Shaders\2DVertexShader.hlsl">
      <Filter>Shaders</Filter>
    </FxCompile>
    <FxCompile Include="$(MSBuildThisFileDirectory)Shaders\2DPixelShader.hlsl">
      <Filter>Shaders</Filter>
    </FxCompile>
    <FxCompile Include="$(MSBuildThisFileDirectory)Shaders\PixelShader.hlsl">
      <Filter>Shaders</Filter>
    </FxCompile>
    <FxCompile Include="$(MSBuildThisFileDirectory)Shaders\VertexShader.hlsl">
      <Filter>Shaders</Filter>
    </FxCompile>
  </ItemGroup>
  <ItemGroup>
    <ClCompile Include="$(MSBuildThisFileDirectory)src\Games\ExampleScenes.cpp">
      <Filter>Games</Filter>
    </ClCompile>
    <ClCompile Include="$(MSBuildThisFileDirectory)src\PlatformWindows\PlatformWindows.cpp">
      <Filter>PlatformWindows</Filter>
    </ClCompile>
    <ClCompile Include="$(MSBuildThisFileDirectory)src\PlatformWindows\WindowsMessageMap.cpp">
      <Filter>PlatformWindows</Filter>
    </ClCompile>
    <ClCompile Include="$(MSBuildThisFileDirectory)src\PlatformWindows\WinMain.cpp">
      <Filter>PlatformWindows</Filter>
    </ClCompile>
  </ItemGroup>
  <ItemGroup>
    <ClInclude Include="$(MSBuildThisFileDirectory)src\Games\ExampleScenes.hpp">
      <Filter>Games</Filter>
    </ClInclude>
    <ClInclude Include="$(MSBuildThisFileDirectory)src\GameDefinition.hpp" />
    <ClInclude Include="$(MSBuildThisFileDirectory)src\PlatformWindows\PlatformWindows.hpp">
      <Filter>PlatformWindows</Filter>
    </ClInclude>
    <ClInclude Include="$(MSBuildThisFileDirectory)src\PlatformWindows\WindowsMessageMap.hpp">
      <Filter>PlatformWindows</Filter>
    </ClInclude>
  </ItemGroup>
</Project>