
Microsoft Visual Studio Solution File, Format Version 12.00
# Visual Studio Version 16
VisualStudioVersion = 16.0.30611.23
MinimumVisualStudioVersion = 10.0.40219.1
Project("{8BC9CEB8-8B4A-11D0-8D11-00A0C91BC942}") = "ExampleScenes", "DirectXer\DirectXer.vcxproj", "{D39DF77F-24B0-44CC-AB02-D6A8E5D0ECF1}"
	ProjectSection(ProjectDependencies) = postProject
		{9281A33E-E029-4278-8752-EBC0CCA25940} = {9281A33E-E029-4278-8752-EBC0CCA25940}
		{648F47B9-1348-4D49-AC41-9858961BEDA2} = {648F47B9-1348-4D49-AC41-9858961BEDA2}
		{78B079BD-9FC7-4B9E-B4A6-96DA0F00248B} = {78B079BD-9FC7-4B9E-B4A6-96DA0F00248B}
	EndProjectSection
EndProject
Project("{8BC9CEB8-8B4A-11D0-8D11-00A0C91BC942}") = "DirectXerCore", "DirectXer\Core.vcxitems", "{3A380954-CD7D-4508-876B-42DF7C910D97}"
EndProject
Project("{2150E333-8FDC-42A3-9474-1A3956D46DE8}") = "ThirdParty", "ThirdParty", "{2D254D02-9C89-4F3E-92AC-199D349BEBC9}"
EndProject
Project("{2150E333-8FDC-42A3-9474-1A3956D46DE8}") = "Games", "Games", "{C5EB2CD3-4D00-4E15-B575-38D18AF76860}"
EndProject
Project("{8BC9CEB8-8B4A-11D0-8D11-00A0C91BC942}") = "SpaceGame", "DirectXer\SpaceGame.vcxproj", "{E8A1E208-E806-4908-97A5-BC4FB0B09C65}"
EndProject
Project("{8BC9CEB8-8B4A-11D0-8D11-00A0C91BC942}") = "DXError", "ThirdParty\DXError\DXError.vcxproj", "{48FFD535-C99E-43F8-B315-29F8F9D3723E}"
EndProject
Project("{8BC9CEB8-8B4A-11D0-8D11-00A0C91BC942}") = "Fmt", "ThirdParty\Fmt\Fmt.vcxproj", "{9281A33E-E029-4278-8752-EBC0CCA25940}"
EndProject
Project("{8BC9CEB8-8B4A-11D0-8D11-00A0C91BC942}") = "Freetype", "ThirdParty\Freetype\freetype.vcxproj", "{78B079BD-9FC7-4B9E-B4A6-96DA0F00248B}"
EndProject
Project("{8BC9CEB8-8B4A-11D0-8D11-00A0C91BC942}") = "ImGui", "ThirdParty\ImGui\ImGui.vcxproj", "{648F47B9-1348-4D49-AC41-9858961BEDA2}"
EndProject
Project("{8BC9CEB8-8B4A-11D0-8D11-00A0C91BC942}") = "Stb", "ThirdParty\Stb\Stb.vcxproj", "{E9DA2EB9-160A-4133-B4B5-109EB283280C}"
EndProject
Project("{2150E333-8FDC-42A3-9474-1A3956D46DE8}") = "OpenAL", "OpenAL", "{52C4F3BB-5890-4202-BB5C-446289A2DB2E}"
EndProject
Project("{8BC9CEB8-8B4A-11D0-8D11-00A0C91BC942}") = "ex-common", "ThirdParty\openal-soft-1.21.1\build\ex-common.vcxproj", "{671C184A-2F8F-3608-B839-853B8FFFF168}"
EndProject
Project("{8BC9CEB8-8B4A-11D0-8D11-00A0C91BC942}") = "common", "ThirdParty\openal-soft-1.21.1\build\common.vcxproj", "{96BDEAB7-34C6-31D2-889B-C3C4DC4B52F1}"
EndProject
Project("{8BC9CEB8-8B4A-11D0-8D11-00A0C91BC942}") = "OpenAL", "ThirdParty\openal-soft-1.21.1\build\OpenAL.vcxproj", "{F7A370BA-EED2-33DC-9759-A72287D42D6E}"
EndProject
Project("{2150E333-8FDC-42A3-9474-1A3956D46DE8}") = "Tools", "Tools", "{01BEC4BF-0CFD-4BBA-90B9-02643AAD2EC3}"
EndProject
Project("{8BC9CEB8-8B4A-11D0-8D11-00A0C91BC942}") = "AssetBuilder", "Tools\AssetBuilder\AssetBuilder.vcxproj", "{A8982FA0-0089-416D-9DD6-D9300B69D4A0}"
EndProject
Project("{8BC9CEB8-8B4A-11D0-8D11-00A0C91BC942}") = "TexturePacker", "Tools\TexturePacker\TexturePacker.vcxproj", "{16D5F330-9071-42E5-9ACF-F1D6C2636485}"
EndProject
Project("{8BC9CEB8-8B4A-11D0-8D11-00A0C91BC942}") = "WinMain", "DirectXer\WinMain.vcxitems.vcxitems", "{981F05A7-FF2D-4AA5-A9CA-210E95ED1AF0}"
EndProject
Project("{8BC9CEB8-8B4A-11D0-8D11-00A0C91BC942}") = "AtlasViewer", "Tools\AtlasViewer\AtlasViewer.vcxproj", "{32D63685-09ED-459E-A8FF-95501679056A}"
EndProject
Project("{8BC9CEB8-8B4A-11D0-8D11-00A0C91BC942}") = "Optik", "ThirdParty\Optik\Optik.vcxproj", "{84ED5066-B3A1-46FA-8945-EFC477A708E4}"
EndProject
Project("{8BC9CEB8-8B4A-11D0-8D11-00A0C91BC942}") = "MaterialEditor", "Tools\MaterialEditor\MaterialEditor.vcxproj", "{536A196C-D3D2-4463-9699-50B09B2CEA1A}"
EndProject
Project("{8BC9CEB8-8B4A-11D0-8D11-00A0C91BC942}") = "ShadersD3D11", "DirectXer\ShadersD3D11.vcxitems", "{AD93A181-9B46-433F-BBB7-1ACEC80E6912}"
EndProject
Project("{8BC9CEB8-8B4A-11D0-8D11-00A0C91BC942}") = "PlatformWin32", "DirectXer\PlatformWin32.vcxitems", "{B3F5EF22-11C0-433E-B409-7EC673E4F3A6}"
EndProject
Global
	GlobalSection(SharedMSBuildProjectFiles) = preSolution
		DirectXer\Core.vcxitems*{32d63685-09ed-459e-a8ff-95501679056a}*SharedItemsImports = 4
		DirectXer\ShadersD3D11.vcxitems*{32d63685-09ed-459e-a8ff-95501679056a}*SharedItemsImports = 4
		DirectXer\Core.vcxitems*{3a380954-cd7d-4508-876b-42df7c910d97}*SharedItemsImports = 9
		DirectXer\Core.vcxitems*{536a196c-d3d2-4463-9699-50b09b2cea1a}*SharedItemsImports = 4
		DirectXer\ShadersD3D11.vcxitems*{536a196c-d3d2-4463-9699-50b09b2cea1a}*SharedItemsImports = 4
		DirectXer\WinMain.vcxitems.vcxitems*{981f05a7-ff2d-4aa5-a9ca-210e95ed1af0}*SharedItemsImports = 9
		DirectXer\ShadersD3D11.vcxitems*{ad93a181-9b46-433f-bbb7-1acec80e6912}*SharedItemsImports = 9
		DirectXer\PlatformWin32.vcxitems*{b3f5ef22-11c0-433e-b409-7ec673e4f3a6}*SharedItemsImports = 9
		DirectXer\Core.vcxitems*{d39df77f-24b0-44cc-ab02-d6a8e5d0ecf1}*SharedItemsImports = 4
		DirectXer\ShadersD3D11.vcxitems*{d39df77f-24b0-44cc-ab02-d6a8e5d0ecf1}*SharedItemsImports = 4
		DirectXer\WinMain.vcxitems.vcxitems*{d39df77f-24b0-44cc-ab02-d6a8e5d0ecf1}*SharedItemsImports = 4
		DirectXer\Core.vcxitems*{e8a1e208-e806-4908-97a5-bc4fb0b09c65}*SharedItemsImports = 4
		DirectXer\ShadersD3D11.vcxitems*{e8a1e208-e806-4908-97a5-bc4fb0b09c65}*SharedItemsImports = 4
		DirectXer\WinMain.vcxitems.vcxitems*{e8a1e208-e806-4908-97a5-bc4fb0b09c65}*SharedItemsImports = 4
	EndGlobalSection
	GlobalSection(SolutionConfigurationPlatforms) = preSolution
		Debug|x64 = Debug|x64
		Debug|x86 = Debug|x86
		Profile|x64 = Profile|x64
		Profile|x86 = Profile|x86
		Release|x64 = Release|x64
		Release|x86 = Release|x86
	EndGlobalSection
	GlobalSection(ProjectConfigurationPlatforms) = postSolution
		{D39DF77F-24B0-44CC-AB02-D6A8E5D0ECF1}.Debug|x64.ActiveCfg = Debug|x64
		{D39DF77F-24B0-44CC-AB02-D6A8E5D0ECF1}.Debug|x64.Build.0 = Debug|x64
		{D39DF77F-24B0-44CC-AB02-D6A8E5D0ECF1}.Debug|x86.ActiveCfg = Debug|Win32
		{D39DF77F-24B0-44CC-AB02-D6A8E5D0ECF1}.Debug|x86.Build.0 = Debug|Win32
		{D39DF77F-24B0-44CC-AB02-D6A8E5D0ECF1}.Profile|x64.ActiveCfg = Profile|x64
		{D39DF77F-24B0-44CC-AB02-D6A8E5D0ECF1}.Profile|x64.Build.0 = Profile|x64
		{D39DF77F-24B0-44CC-AB02-D6A8E5D0ECF1}.Profile|x86.ActiveCfg = Profile|Win32
		{D39DF77F-24B0-44CC-AB02-D6A8E5D0ECF1}.Profile|x86.Build.0 = Profile|Win32
		{D39DF77F-24B0-44CC-AB02-D6A8E5D0ECF1}.Release|x64.ActiveCfg = Release|x64
		{D39DF77F-24B0-44CC-AB02-D6A8E5D0ECF1}.Release|x64.Build.0 = Release|x64
		{D39DF77F-24B0-44CC-AB02-D6A8E5D0ECF1}.Release|x86.ActiveCfg = Release|x64
		{D39DF77F-24B0-44CC-AB02-D6A8E5D0ECF1}.Release|x86.Build.0 = Release|x64
		{E8A1E208-E806-4908-97A5-BC4FB0B09C65}.Debug|x64.ActiveCfg = Debug|x64
		{E8A1E208-E806-4908-97A5-BC4FB0B09C65}.Debug|x64.Build.0 = Debug|x64
		{E8A1E208-E806-4908-97A5-BC4FB0B09C65}.Debug|x86.ActiveCfg = Debug|Win32
		{E8A1E208-E806-4908-97A5-BC4FB0B09C65}.Debug|x86.Build.0 = Debug|Win32
		{E8A1E208-E806-4908-97A5-BC4FB0B09C65}.Profile|x64.ActiveCfg = Profile|x64
		{E8A1E208-E806-4908-97A5-BC4FB0B09C65}.Profile|x64.Build.0 = Profile|x64
		{E8A1E208-E806-4908-97A5-BC4FB0B09C65}.Profile|x86.ActiveCfg = Profile|Win32
		{E8A1E208-E806-4908-97A5-BC4FB0B09C65}.Profile|x86.Build.0 = Profile|Win32
		{E8A1E208-E806-4908-97A5-BC4FB0B09C65}.Release|x64.ActiveCfg = Release|x64
		{E8A1E208-E806-4908-97A5-BC4FB0B09C65}.Release|x64.Build.0 = Release|x64
		{E8A1E208-E806-4908-97A5-BC4FB0B09C65}.Release|x86.ActiveCfg = Release|Win32
		{E8A1E208-E806-4908-97A5-BC4FB0B09C65}.Release|x86.Build.0 = Release|Win32
		{48FFD535-C99E-43F8-B315-29F8F9D3723E}.Debug|x64.ActiveCfg = Debug|x64
		{48FFD535-C99E-43F8-B315-29F8F9D3723E}.Debug|x64.Build.0 = Debug|x64
		{48FFD535-C99E-43F8-B315-29F8F9D3723E}.Debug|x86.ActiveCfg = Debug|Win32
		{48FFD535-C99E-43F8-B315-29F8F9D3723E}.Debug|x86.Build.0 = Debug|Win32
		{48FFD535-C99E-43F8-B315-29F8F9D3723E}.Profile|x64.ActiveCfg = Profile|x64
		{48FFD535-C99E-43F8-B315-29F8F9D3723E}.Profile|x64.Build.0 = Profile|x64
		{48FFD535-C99E-43F8-B315-29F8F9D3723E}.Profile|x86.ActiveCfg = Profile|Win32
		{48FFD535-C99E-43F8-B315-29F8F9D3723E}.Profile|x86.Build.0 = Profile|Win32
		{48FFD535-C99E-43F8-B315-29F8F9D3723E}.Release|x64.ActiveCfg = Release|x64
		{48FFD535-C99E-43F8-B315-29F8F9D3723E}.Release|x64.Build.0 = Release|x64
		{48FFD535-C99E-43F8-B315-29F8F9D3723E}.Release|x86.ActiveCfg = Release|Win32
		{48FFD535-C99E-43F8-B315-29F8F9D3723E}.Release|x86.Build.0 = Release|Win32
		{9281A33E-E029-4278-8752-EBC0CCA25940}.Debug|x64.ActiveCfg = Debug|x64
		{9281A33E-E029-4278-8752-EBC0CCA25940}.Debug|x64.Build.0 = Debug|x64
		{9281A33E-E029-4278-8752-EBC0CCA25940}.Debug|x86.ActiveCfg = Debug|Win32
		{9281A33E-E029-4278-8752-EBC0CCA25940}.Debug|x86.Build.0 = Debug|Win32
		{9281A33E-E029-4278-8752-EBC0CCA25940}.Profile|x64.ActiveCfg = Profile|x64
		{9281A33E-E029-4278-8752-EBC0CCA25940}.Profile|x64.Build.0 = Profile|x64
		{9281A33E-E029-4278-8752-EBC0CCA25940}.Profile|x86.ActiveCfg = Profile|Win32
		{9281A33E-E029-4278-8752-EBC0CCA25940}.Profile|x86.Build.0 = Profile|Win32
		{9281A33E-E029-4278-8752-EBC0CCA25940}.Release|x64.ActiveCfg = Release|x64
		{9281A33E-E029-4278-8752-EBC0CCA25940}.Release|x64.Build.0 = Release|x64
		{9281A33E-E029-4278-8752-EBC0CCA25940}.Release|x86.ActiveCfg = Release|Win32
		{9281A33E-E029-4278-8752-EBC0CCA25940}.Release|x86.Build.0 = Release|Win32
		{78B079BD-9FC7-4B9E-B4A6-96DA0F00248B}.Debug|x64.ActiveCfg = Debug|x64
		{78B079BD-9FC7-4B9E-B4A6-96DA0F00248B}.Debug|x64.Build.0 = Debug|x64
		{78B079BD-9FC7-4B9E-B4A6-96DA0F00248B}.Debug|x86.ActiveCfg = Debug|Win32
		{78B079BD-9FC7-4B9E-B4A6-96DA0F00248B}.Debug|x86.Build.0 = Debug|Win32
		{78B079BD-9FC7-4B9E-B4A6-96DA0F00248B}.Profile|x64.ActiveCfg = Profile|x64
		{78B079BD-9FC7-4B9E-B4A6-96DA0F00248B}.Profile|x64.Build.0 = Profile|x64
		{78B079BD-9FC7-4B9E-B4A6-96DA0F00248B}.Profile|x86.ActiveCfg = Profile|Win32
		{78B079BD-9FC7-4B9E-B4A6-96DA0F00248B}.Profile|x86.Build.0 = Profile|Win32
		{78B079BD-9FC7-4B9E-B4A6-96DA0F00248B}.Release|x64.ActiveCfg = Release|x64
		{78B079BD-9FC7-4B9E-B4A6-96DA0F00248B}.Release|x64.Build.0 = Release|x64
		{78B079BD-9FC7-4B9E-B4A6-96DA0F00248B}.Release|x86.ActiveCfg = Release|x64
		{648F47B9-1348-4D49-AC41-9858961BEDA2}.Debug|x64.ActiveCfg = Debug|x64
		{648F47B9-1348-4D49-AC41-9858961BEDA2}.Debug|x64.Build.0 = Debug|x64
		{648F47B9-1348-4D49-AC41-9858961BEDA2}.Debug|x86.ActiveCfg = Debug|Win32
		{648F47B9-1348-4D49-AC41-9858961BEDA2}.Debug|x86.Build.0 = Debug|Win32
		{648F47B9-1348-4D49-AC41-9858961BEDA2}.Profile|x64.ActiveCfg = Profile|x64
		{648F47B9-1348-4D49-AC41-9858961BEDA2}.Profile|x64.Build.0 = Profile|x64
		{648F47B9-1348-4D49-AC41-9858961BEDA2}.Profile|x86.ActiveCfg = Profile|Win32
		{648F47B9-1348-4D49-AC41-9858961BEDA2}.Profile|x86.Build.0 = Profile|Win32
		{648F47B9-1348-4D49-AC41-9858961BEDA2}.Release|x64.ActiveCfg = Release|x64
		{648F47B9-1348-4D49-AC41-9858961BEDA2}.Release|x64.Build.0 = Release|x64
		{648F47B9-1348-4D49-AC41-9858961BEDA2}.Release|x86.ActiveCfg = Release|Win32
		{648F47B9-1348-4D49-AC41-9858961BEDA2}.Release|x86.Build.0 = Release|Win32
		{E9DA2EB9-160A-4133-B4B5-109EB283280C}.Debug|x64.ActiveCfg = Debug|x64
		{E9DA2EB9-160A-4133-B4B5-109EB283280C}.Debug|x64.Build.0 = Debug|x64
		{E9DA2EB9-160A-4133-B4B5-109EB283280C}.Debug|x86.ActiveCfg = Debug|Win32
		{E9DA2EB9-160A-4133-B4B5-109EB283280C}.Debug|x86.Build.0 = Debug|Win32
		{E9DA2EB9-160A-4133-B4B5-109EB283280C}.Profile|x64.ActiveCfg = Profile|x64
		{E9DA2EB9-160A-4133-B4B5-109EB283280C}.Profile|x64.Build.0 = Profile|x64
		{E9DA2EB9-160A-4133-B4B5-109EB283280C}.Profile|x86.ActiveCfg = Profile|Win32
		{E9DA2EB9-160A-4133-B4B5-109EB283280C}.Profile|x86.Build.0 = Profile|Win32
		{E9DA2EB9-160A-4133-B4B5-109EB283280C}.Release|x64.ActiveCfg = Release|x64
		{E9DA2EB9-160A-4133-B4B5-109EB283280C}.Release|x64.Build.0 = Release|x64
		{E9DA2EB9-160A-4133-B4B5-109EB283280C}.Release|x86.ActiveCfg = Release|Win32
		{E9DA2EB9-160A-4133-B4B5-109EB283280C}.Release|x86.Build.0 = Release|Win32
		{671C184A-2F8F-3608-B839-853B8FFFF168}.Debug|x64.ActiveCfg = Debug|x64
		{671C184A-2F8F-3608-B839-853B8FFFF168}.Debug|x64.Build.0 = Debug|x64
		{671C184A-2F8F-3608-B839-853B8FFFF168}.Debug|x86.ActiveCfg = Debug|x64
		{671C184A-2F8F-3608-B839-853B8FFFF168}.Profile|x64.ActiveCfg = Profile|x64
		{671C184A-2F8F-3608-B839-853B8FFFF168}.Profile|x64.Build.0 = Profile|x64
		{671C184A-2F8F-3608-B839-853B8FFFF168}.Profile|x86.ActiveCfg = Profile|x64
		{671C184A-2F8F-3608-B839-853B8FFFF168}.Release|x64.ActiveCfg = Release|x64
		{671C184A-2F8F-3608-B839-853B8FFFF168}.Release|x64.Build.0 = Release|x64
		{671C184A-2F8F-3608-B839-853B8FFFF168}.Release|x86.ActiveCfg = Release|x64
		{96BDEAB7-34C6-31D2-889B-C3C4DC4B52F1}.Debug|x64.ActiveCfg = Debug|x64
		{96BDEAB7-34C6-31D2-889B-C3C4DC4B52F1}.Debug|x64.Build.0 = Debug|x64
		{96BDEAB7-34C6-31D2-889B-C3C4DC4B52F1}.Debug|x86.ActiveCfg = Debug|x64
		{96BDEAB7-34C6-31D2-889B-C3C4DC4B52F1}.Profile|x64.ActiveCfg = Profile|x64
		{96BDEAB7-34C6-31D2-889B-C3C4DC4B52F1}.Profile|x64.Build.0 = Profile|x64
		{96BDEAB7-34C6-31D2-889B-C3C4DC4B52F1}.Profile|x86.ActiveCfg = Profile|x64
		{96BDEAB7-34C6-31D2-889B-C3C4DC4B52F1}.Release|x64.ActiveCfg = Release|x64
		{96BDEAB7-34C6-31D2-889B-C3C4DC4B52F1}.Release|x64.Build.0 = Release|x64
		{96BDEAB7-34C6-31D2-889B-C3C4DC4B52F1}.Release|x86.ActiveCfg = Release|x64
		{F7A370BA-EED2-33DC-9759-A72287D42D6E}.Debug|x64.ActiveCfg = Debug|x64
		{F7A370BA-EED2-33DC-9759-A72287D42D6E}.Debug|x64.Build.0 = Debug|x64
		{F7A370BA-EED2-33DC-9759-A72287D42D6E}.Debug|x86.ActiveCfg = Debug|x64
		{F7A370BA-EED2-33DC-9759-A72287D42D6E}.Profile|x64.ActiveCfg = Profile|x64
		{F7A370BA-EED2-33DC-9759-A72287D42D6E}.Profile|x64.Build.0 = Profile|x64
		{F7A370BA-EED2-33DC-9759-A72287D42D6E}.Profile|x86.ActiveCfg = Profile|x64
		{F7A370BA-EED2-33DC-9759-A72287D42D6E}.Release|x64.ActiveCfg = Release|x64
		{F7A370BA-EED2-33DC-9759-A72287D42D6E}.Release|x64.Build.0 = Release|x64
		{F7A370BA-EED2-33DC-9759-A72287D42D6E}.Release|x86.ActiveCfg = Release|x64
		{A8982FA0-0089-416D-9DD6-D9300B69D4A0}.Debug|x64.ActiveCfg = Debug|x64
		{A8982FA0-0089-416D-9DD6-D9300B69D4A0}.Debug|x64.Build.0 = Debug|x64
		{A8982FA0-0089-416D-9DD6-D9300B69D4A0}.Debug|x86.ActiveCfg = Debug|Win32
		{A8982FA0-0089-416D-9DD6-D9300B69D4A0}.Debug|x86.Build.0 = Debug|Win32
		{A8982FA0-0089-416D-9DD6-D9300B69D4A0}.Profile|x64.ActiveCfg = Profile|x64
		{A8982FA0-0089-416D-9DD6-D9300B69D4A0}.Profile|x64.Build.0 = Profile|x64
		{A8982FA0-0089-416D-9DD6-D9300B69D4A0}.Profile|x86.ActiveCfg = Profile|Win32
		{A8982FA0-0089-416D-9DD6-D9300B69D4A0}.Profile|x86.Build.0 = Profile|Win32
		{A8982FA0-0089-416D-9DD6-D9300B69D4A0}.Release|x64.ActiveCfg = Release|x64
		{A8982FA0-0089-416D-9DD6-D9300B69D4A0}.Release|x64.Build.0 = Release|x64
		{A8982FA0-0089-416D-9DD6-D9300B69D4A0}.Release|x86.ActiveCfg = Release|Win32
		{A8982FA0-0089-416D-9DD6-D9300B69D4A0}.Release|x86.Build.0 = Release|Win32
		{16D5F330-9071-42E5-9ACF-F1D6C2636485}.Debug|x64.ActiveCfg = Debug|x64
		{16D5F330-9071-42E5-9ACF-F1D6C2636485}.Debug|x64.Build.0 = Debug|x64
		{16D5F330-9071-42E5-9ACF-F1D6C2636485}.Debug|x86.ActiveCfg = Debug|Win32
		{16D5F330-9071-42E5-9ACF-F1D6C2636485}.Debug|x86.Build.0 = Debug|Win32
		{16D5F330-9071-42E5-9ACF-F1D6C2636485}.Profile|x64.ActiveCfg = Profile|x64
		{16D5F330-9071-42E5-9ACF-F1D6C2636485}.Profile|x64.Build.0 = Profile|x64
		{16D5F330-9071-42E5-9ACF-F1D6C2636485}.Profile|x86.ActiveCfg = Profile|Win32
		{16D5F330-9071-42E5-9ACF-F1D6C2636485}.Profile|x86.Build.0 = Profile|Win32
		{16D5F330-9071-42E5-9ACF-F1D6C2636485}.Release|x64.ActiveCfg = Release|x64
		{16D5F330-9071-42E5-9ACF-F1D6C2636485}.Release|x64.Build.0 = Release|x64
		{16D5F330-9071-42E5-9ACF-F1D6C2636485}.Release|x86.ActiveCfg = Release|Win32
		{16D5F330-9071-42E5-9ACF-F1D6C2636485}.Release|x86.Build.0 = Release|Win32
		{32D63685-09ED-459E-A8FF-95501679056A}.Debug|x64.ActiveCfg = Debug|x64
		{32D63685-09ED-459E-A8FF-95501679056A}.Debug|x64.Build.0 = Debug|x64
		{32D63685-09ED-459E-A8FF-95501679056A}.Debug|x86.ActiveCfg = Debug|Win32
		{32D63685-09ED-459E-A8FF-95501679056A}.Debug|x86.Build.0 = Debug|Win32
		{32D63685-09ED-459E-A8FF-95501679056A}.Profile|x64.ActiveCfg = Profile|x64
		{32D63685-09ED-459E-A8FF-95501679056A}.Profile|x64.Build.0 = Profile|x64
		{32D63685-09ED-459E-A8FF-95501679056A}.Profile|x86.ActiveCfg = Profile|Win32
		{32D63685-09ED-459E-A8FF-95501679056A}.Profile|x86.Build.0 = Profile|Win32
		{32D63685-09ED-459E-A8FF-95501679056A}.Release|x64.ActiveCfg = Release|x64
		{32D63685-09ED-459E-A8FF-95501679056A}.Release|x64.Build.0 = Release|x64
		{32D63685-09ED-459E-A8FF-95501679056A}.Release|x86.ActiveCfg = Release|Win32
		{32D63685-09ED-459E-A8FF-95501679056A}.Release|x86.Build.0 = Release|Win32
		{84ED5066-B3A1-46FA-8945-EFC477A708E4}.Debug|x64.ActiveCfg = Debug|x64
		{84ED5066-B3A1-46FA-8945-EFC477A708E4}.Debug|x64.Build.0 = Debug|x64
		{84ED5066-B3A1-46FA-8945-EFC477A708E4}.Debug|x86.ActiveCfg = Debug|Win32
		{84ED5066-B3A1-46FA-8945-EFC477A708E4}.Debug|x86.Build.0 = Debug|Win32
		{84ED5066-B3A1-46FA-8945-EFC477A708E4}.Profile|x64.ActiveCfg = Profile|x64
		{84ED5066-B3A1-46FA-8945-EFC477A708E4}.Profile|x64.Build.0 = Profile|x64
		{84ED5066-B3A1-46FA-8945-EFC477A708E4}.Profile|x86.ActiveCfg = Profile|Win32
		{84ED5066-B3A1-46FA-8945-EFC477A708E4}.Profile|x86.Build.0 = Profile|Win32
		{84ED5066-B3A1-46FA-8945-EFC477A708E4}.Release|x64.ActiveCfg = Release|x64
		{84ED5066-B3A1-46FA-8945-EFC477A708E4}.Release|x64.Build.0 = Release|x64
		{84ED5066-B3A1-46FA-8945-EFC477A708E4}.Release|x86.ActiveCfg = Release|Win32
		{84ED5066-B3A1-46FA-8945-EFC477A708E4}.Release|x86.Build.0 = Release|Win32
		{536A196C-D3D2-4463-9699-50B09B2CEA1A}.Debug|x64.ActiveCfg = Debug|x64
		{536A196C-D3D2-4463-9699-50B09B2CEA1A}.Debug|x64.Build.0 = Debug|x64
		{536A196C-D3D2-4463-9699-50B09B2CEA1A}.Debug|x86.ActiveCfg = Debug|Win32
		{536A196C-D3D2-4463-9699-50B09B2CEA1A}.Debug|x86.Build.0 = Debug|Win32
		{536A196C-D3D2-4463-9699-50B09B2CEA1A}.Profile|x64.ActiveCfg = Profile|x64
		{536A196C-D3D2-4463-9699-50B09B2CEA1A}.Profile|x64.Build.0 = Profile|x64
		{536A196C-D3D2-4463-9699-50B09B2CEA1A}.Profile|x86.ActiveCfg = Profile|Win32
		{536A196C-D3D2-4463-9699-50B09B2CEA1A}.Profile|x86.Build.0 = Profile|Win32
		{536A196C-D3D2-4463-9699-50B09B2CEA1A}.Release|x64.ActiveCfg = Release|x64
		{536A196C-D3D2-4463-9699-50B09B2CEA1A}.Release|x64.Build.0 = Release|x64
		{536A196C-D3D2-4463-9699-50B09B2CEA1A}.Release|x86.ActiveCfg = Release|Win32
		{536A196C-D3D2-4463-9699-50B09B2CEA1A}.Release|x86.Build.0 = Release|Win32
	EndGlobalSection
	GlobalSection(SolutionProperties) = preSolution
		HideSolutionNode = FALSE
	EndGlobalSection
	GlobalSection(NestedProjects) = preSolution
		{D39DF77F-24B0-44CC-AB02-D6A8E5D0ECF1} = {C5EB2CD3-4D00-4E15-B575-38D18AF76860}
		{E8A1E208-E806-4908-97A5-BC4FB0B09C65} = {C5EB2CD3-4D00-4E15-B575-38D18AF76860}
		{48FFD535-C99E-43F8-B315-29F8F9D3723E} = {2D254D02-9C89-4F3E-92AC-199D349BEBC9}
		{9281A33E-E029-4278-8752-EBC0CCA25940} = {2D254D02-9C89-4F3E-92AC-199D349BEBC9}
		{78B079BD-9FC7-4B9E-B4A6-96DA0F00248B} = {2D254D02-9C89-4F3E-92AC-199D349BEBC9}
		{648F47B9-1348-4D49-AC41-9858961BEDA2} = {2D254D02-9C89-4F3E-92AC-199D349BEBC9}
		{E9DA2EB9-160A-4133-B4B5-109EB283280C} = {2D254D02-9C89-4F3E-92AC-199D349BEBC9}
		{52C4F3BB-5890-4202-BB5C-446289A2DB2E} = {2D254D02-9C89-4F3E-92AC-199D349BEBC9}
		{671C184A-2F8F-3608-B839-853B8FFFF168} = {52C4F3BB-5890-4202-BB5C-446289A2DB2E}
		{96BDEAB7-34C6-31D2-889B-C3C4DC4B52F1} = {52C4F3BB-5890-4202-BB5C-446289A2DB2E}
		{F7A370BA-EED2-33DC-9759-A72287D42D6E} = {52C4F3BB-5890-4202-BB5C-446289A2DB2E}
		{A8982FA0-0089-416D-9DD6-D9300B69D4A0} = {01BEC4BF-0CFD-4BBA-90B9-02643AAD2EC3}
		{16D5F330-9071-42E5-9ACF-F1D6C2636485} = {01BEC4BF-0CFD-4BBA-90B9-02643AAD2EC3}
		{32D63685-09ED-459E-A8FF-95501679056A} = {01BEC4BF-0CFD-4BBA-90B9-02643AAD2EC3}
		{84ED5066-B3A1-46FA-8945-EFC477A708E4} = {2D254D02-9C89-4F3E-92AC-199D349BEBC9}
		{536A196C-D3D2-4463-9699-50B09B2CEA1A} = {01BEC4BF-0CFD-4BBA-90B9-02643AAD2EC3}
	EndGlobalSection
	GlobalSection(ExtensibilityGlobals) = postSolution
		SolutionGuid = {6B8AD3D8-7C6D-400D-A86B-BEC34B5B7736}
	EndGlobalSection
EndGlobal
