
Microsoft Visual Studio Solution File, Format Version 12.00
# Visual Studio Version 16
VisualStudioVersion = 16.0.30611.23
MinimumVisualStudioVersion = 10.0.40219.1
Project("{8BC9CEB8-8B4A-11D0-8D11-00A0C91BC942}") = "DirectXer", "DirectXer\DirectXer.vcxproj", "{D39DF77F-24B0-44CC-AB02-D6A8E5D0ECF1}"
	ProjectSection(ProjectDependencies) = postProject
		{9281A33E-E029-4278-8752-EBC0CCA25940} = {9281A33E-E029-4278-8752-EBC0CCA25940}
		{648F47B9-1348-4D49-AC41-9858961BEDA2} = {648F47B9-1348-4D49-AC41-9858961BEDA2}
		{78B079BD-9FC7-4B9E-B4A6-96DA0F00248B} = {78B079BD-9FC7-4B9E-B4A6-96DA0F00248B}
	EndProjectSection
EndProject
Project("{8BC9CEB8-8B4A-11D0-8D11-00A0C91BC942}") = "DXError", "DXError\DXError.vcxproj", "{48FFD535-C99E-43F8-B315-29F8F9D3723E}"
EndProject
Project("{8BC9CEB8-8B4A-11D0-8D11-00A0C91BC942}") = "Fmt", "Fmt\Fmt.vcxproj", "{9281A33E-E029-4278-8752-EBC0CCA25940}"
EndProject
Project("{8BC9CEB8-8B4A-11D0-8D11-00A0C91BC942}") = "Stb", "Stb\Stb.vcxproj", "{E9DA2EB9-160A-4133-B4B5-109EB283280C}"
EndProject
Project("{8BC9CEB8-8B4A-11D0-8D11-00A0C91BC942}") = "ImGui", "ImGui\ImGui.vcxproj", "{648F47B9-1348-4D49-AC41-9858961BEDA2}"
EndProject
Project("{8BC9CEB8-8B4A-11D0-8D11-00A0C91BC942}") = "Freetype", "Freetype\freetype.vcxproj", "{78B079BD-9FC7-4B9E-B4A6-96DA0F00248B}"
EndProject
Global
	GlobalSection(SolutionConfigurationPlatforms) = preSolution
		Debug|x64 = Debug|x64
		Debug|x86 = Debug|x86
		Profile|x64 = Profile|x64
		Profile|x86 = Profile|x86
		Release Static|x64 = Release Static|x64
		Release Static|x86 = Release Static|x86
		Release|x64 = Release|x64
		Release|x86 = Release|x86
	EndGlobalSection
	GlobalSection(ProjectConfigurationPlatforms) = postSolution
		{D39DF77F-24B0-44CC-AB02-D6A8E5D0ECF1}.Debug|x64.ActiveCfg = Debug|x64
		{D39DF77F-24B0-44CC-AB02-D6A8E5D0ECF1}.Debug|x64.Build.0 = Debug|x64
		{D39DF77F-24B0-44CC-AB02-D6A8E5D0ECF1}.Debug|x86.ActiveCfg = Debug|Win32
		{D39DF77F-24B0-44CC-AB02-D6A8E5D0ECF1}.Debug|x86.Build.0 = Debug|Win32
		{D39DF77F-24B0-44CC-AB02-D6A8E5D0ECF1}.Profile|x64.ActiveCfg = Profile|x64
		{D39DF77F-24B0-44CC-AB02-D6A8E5D0ECF1}.Profile|x64.Build.0 = Profile|x64
		{D39DF77F-24B0-44CC-AB02-D6A8E5D0ECF1}.Profile|x86.ActiveCfg = Profile|Win32
		{D39DF77F-24B0-44CC-AB02-D6A8E5D0ECF1}.Profile|x86.Build.0 = Profile|Win32
		{D39DF77F-24B0-44CC-AB02-D6A8E5D0ECF1}.Release Static|x64.ActiveCfg = Release|x64
		{D39DF77F-24B0-44CC-AB02-D6A8E5D0ECF1}.Release Static|x64.Build.0 = Release|x64
		{D39DF77F-24B0-44CC-AB02-D6A8E5D0ECF1}.Release Static|x86.ActiveCfg = Release|Win32
		{D39DF77F-24B0-44CC-AB02-D6A8E5D0ECF1}.Release Static|x86.Build.0 = Release|Win32
		{D39DF77F-24B0-44CC-AB02-D6A8E5D0ECF1}.Release|x64.ActiveCfg = Release|x64
		{D39DF77F-24B0-44CC-AB02-D6A8E5D0ECF1}.Release|x64.Build.0 = Release|x64
		{D39DF77F-24B0-44CC-AB02-D6A8E5D0ECF1}.Release|x86.ActiveCfg = Release|x64
		{D39DF77F-24B0-44CC-AB02-D6A8E5D0ECF1}.Release|x86.Build.0 = Release|x64
		{48FFD535-C99E-43F8-B315-29F8F9D3723E}.Debug|x64.ActiveCfg = Debug|x64
		{48FFD535-C99E-43F8-B315-29F8F9D3723E}.Debug|x64.Build.0 = Debug|x64
		{48FFD535-C99E-43F8-B315-29F8F9D3723E}.Debug|x86.ActiveCfg = Debug|Win32
		{48FFD535-C99E-43F8-B315-29F8F9D3723E}.Debug|x86.Build.0 = Debug|Win32
		{48FFD535-C99E-43F8-B315-29F8F9D3723E}.Profile|x64.ActiveCfg = Profile|x64
		{48FFD535-C99E-43F8-B315-29F8F9D3723E}.Profile|x64.Build.0 = Profile|x64
		{48FFD535-C99E-43F8-B315-29F8F9D3723E}.Profile|x86.ActiveCfg = Profile|Win32
		{48FFD535-C99E-43F8-B315-29F8F9D3723E}.Profile|x86.Build.0 = Profile|Win32
		{48FFD535-C99E-43F8-B315-29F8F9D3723E}.Release Static|x64.ActiveCfg = Release|x64
		{48FFD535-C99E-43F8-B315-29F8F9D3723E}.Release Static|x64.Build.0 = Release|x64
		{48FFD535-C99E-43F8-B315-29F8F9D3723E}.Release Static|x86.ActiveCfg = Release|Win32
		{48FFD535-C99E-43F8-B315-29F8F9D3723E}.Release Static|x86.Build.0 = Release|Win32
		{48FFD535-C99E-43F8-B315-29F8F9D3723E}.Release|x64.ActiveCfg = Release|x64
		{48FFD535-C99E-43F8-B315-29F8F9D3723E}.Release|x64.Build.0 = Release|x64
		{48FFD535-C99E-43F8-B315-29F8F9D3723E}.Release|x86.ActiveCfg = Release|x64
		{48FFD535-C99E-43F8-B315-29F8F9D3723E}.Release|x86.Build.0 = Release|x64
		{9281A33E-E029-4278-8752-EBC0CCA25940}.Debug|x64.ActiveCfg = Debug|x64
		{9281A33E-E029-4278-8752-EBC0CCA25940}.Debug|x64.Build.0 = Debug|x64
		{9281A33E-E029-4278-8752-EBC0CCA25940}.Debug|x86.ActiveCfg = Debug|Win32
		{9281A33E-E029-4278-8752-EBC0CCA25940}.Debug|x86.Build.0 = Debug|Win32
		{9281A33E-E029-4278-8752-EBC0CCA25940}.Profile|x64.ActiveCfg = Profile|x64
		{9281A33E-E029-4278-8752-EBC0CCA25940}.Profile|x64.Build.0 = Profile|x64
		{9281A33E-E029-4278-8752-EBC0CCA25940}.Profile|x86.ActiveCfg = Profile|Win32
		{9281A33E-E029-4278-8752-EBC0CCA25940}.Profile|x86.Build.0 = Profile|Win32
		{9281A33E-E029-4278-8752-EBC0CCA25940}.Release Static|x64.ActiveCfg = Release|x64
		{9281A33E-E029-4278-8752-EBC0CCA25940}.Release Static|x64.Build.0 = Release|x64
		{9281A33E-E029-4278-8752-EBC0CCA25940}.Release Static|x86.ActiveCfg = Release|Win32
		{9281A33E-E029-4278-8752-EBC0CCA25940}.Release Static|x86.Build.0 = Release|Win32
		{9281A33E-E029-4278-8752-EBC0CCA25940}.Release|x64.ActiveCfg = Release|x64
		{9281A33E-E029-4278-8752-EBC0CCA25940}.Release|x64.Build.0 = Release|x64
		{9281A33E-E029-4278-8752-EBC0CCA25940}.Release|x86.ActiveCfg = Release|x64
		{9281A33E-E029-4278-8752-EBC0CCA25940}.Release|x86.Build.0 = Release|x64
		{E9DA2EB9-160A-4133-B4B5-109EB283280C}.Debug|x64.ActiveCfg = Debug|x64
		{E9DA2EB9-160A-4133-B4B5-109EB283280C}.Debug|x64.Build.0 = Debug|x64
		{E9DA2EB9-160A-4133-B4B5-109EB283280C}.Debug|x86.ActiveCfg = Debug|Win32
		{E9DA2EB9-160A-4133-B4B5-109EB283280C}.Debug|x86.Build.0 = Debug|Win32
		{E9DA2EB9-160A-4133-B4B5-109EB283280C}.Profile|x64.ActiveCfg = Profile|x64
		{E9DA2EB9-160A-4133-B4B5-109EB283280C}.Profile|x64.Build.0 = Profile|x64
		{E9DA2EB9-160A-4133-B4B5-109EB283280C}.Profile|x86.ActiveCfg = Profile|Win32
		{E9DA2EB9-160A-4133-B4B5-109EB283280C}.Profile|x86.Build.0 = Profile|Win32
		{E9DA2EB9-160A-4133-B4B5-109EB283280C}.Release Static|x64.ActiveCfg = Release|x64
		{E9DA2EB9-160A-4133-B4B5-109EB283280C}.Release Static|x64.Build.0 = Release|x64
		{E9DA2EB9-160A-4133-B4B5-109EB283280C}.Release Static|x86.ActiveCfg = Release|Win32
		{E9DA2EB9-160A-4133-B4B5-109EB283280C}.Release Static|x86.Build.0 = Release|Win32
		{E9DA2EB9-160A-4133-B4B5-109EB283280C}.Release|x64.ActiveCfg = Release|x64
		{E9DA2EB9-160A-4133-B4B5-109EB283280C}.Release|x64.Build.0 = Release|x64
		{E9DA2EB9-160A-4133-B4B5-109EB283280C}.Release|x86.ActiveCfg = Release|Win32
		{E9DA2EB9-160A-4133-B4B5-109EB283280C}.Release|x86.Build.0 = Release|Win32
		{648F47B9-1348-4D49-AC41-9858961BEDA2}.Debug|x64.ActiveCfg = Debug|x64
		{648F47B9-1348-4D49-AC41-9858961BEDA2}.Debug|x64.Build.0 = Debug|x64
		{648F47B9-1348-4D49-AC41-9858961BEDA2}.Debug|x86.ActiveCfg = Debug|Win32
		{648F47B9-1348-4D49-AC41-9858961BEDA2}.Debug|x86.Build.0 = Debug|Win32
		{648F47B9-1348-4D49-AC41-9858961BEDA2}.Profile|x64.ActiveCfg = Profile|x64
		{648F47B9-1348-4D49-AC41-9858961BEDA2}.Profile|x64.Build.0 = Profile|x64
		{648F47B9-1348-4D49-AC41-9858961BEDA2}.Profile|x86.ActiveCfg = Profile|Win32
		{648F47B9-1348-4D49-AC41-9858961BEDA2}.Profile|x86.Build.0 = Profile|Win32
		{648F47B9-1348-4D49-AC41-9858961BEDA2}.Release Static|x64.ActiveCfg = Release|x64
		{648F47B9-1348-4D49-AC41-9858961BEDA2}.Release Static|x64.Build.0 = Release|x64
		{648F47B9-1348-4D49-AC41-9858961BEDA2}.Release Static|x86.ActiveCfg = Release|Win32
		{648F47B9-1348-4D49-AC41-9858961BEDA2}.Release Static|x86.Build.0 = Release|Win32
		{648F47B9-1348-4D49-AC41-9858961BEDA2}.Release|x64.ActiveCfg = Release|x64
		{648F47B9-1348-4D49-AC41-9858961BEDA2}.Release|x64.Build.0 = Release|x64
		{648F47B9-1348-4D49-AC41-9858961BEDA2}.Release|x86.ActiveCfg = Release|Win32
		{648F47B9-1348-4D49-AC41-9858961BEDA2}.Release|x86.Build.0 = Release|Win32
		{78B079BD-9FC7-4B9E-B4A6-96DA0F00248B}.Debug|x64.ActiveCfg = Debug|x64
		{78B079BD-9FC7-4B9E-B4A6-96DA0F00248B}.Debug|x64.Build.0 = Debug|x64
		{78B079BD-9FC7-4B9E-B4A6-96DA0F00248B}.Debug|x86.ActiveCfg = Debug|Win32
		{78B079BD-9FC7-4B9E-B4A6-96DA0F00248B}.Debug|x86.Build.0 = Debug|Win32
		{78B079BD-9FC7-4B9E-B4A6-96DA0F00248B}.Profile|x64.ActiveCfg = Profile|x64
		{78B079BD-9FC7-4B9E-B4A6-96DA0F00248B}.Profile|x86.ActiveCfg = Profile|Win32
		{78B079BD-9FC7-4B9E-B4A6-96DA0F00248B}.Release Static|x64.ActiveCfg = Release|x64
		{78B079BD-9FC7-4B9E-B4A6-96DA0F00248B}.Release Static|x86.ActiveCfg = Debug|Win32
		{78B079BD-9FC7-4B9E-B4A6-96DA0F00248B}.Release|x64.ActiveCfg = Release|x64
		{78B079BD-9FC7-4B9E-B4A6-96DA0F00248B}.Release|x64.Build.0 = Release|x64
		{78B079BD-9FC7-4B9E-B4A6-96DA0F00248B}.Release|x86.ActiveCfg = Release|x64
	EndGlobalSection
	GlobalSection(SolutionProperties) = preSolution
		HideSolutionNode = FALSE
	EndGlobalSection
	GlobalSection(ExtensibilityGlobals) = postSolution
		SolutionGuid = {6B8AD3D8-7C6D-400D-A86B-BEC34B5B7736}
	EndGlobalSection
EndGlobal
