<?xml version="1.0" encoding="utf-8"?>
<Project ToolsVersion="4.0" xmlns="http://schemas.microsoft.com/developer/msbuild/2003">
  <ItemGroup>
    <ClCompile Include="src\TexturePacker.cpp" />
    <ClCompile Include="src\TexturePackerStbi.cpp" />
  </ItemGroup>
  <ItemGroup>
    <ClInclude Include="src\TexturePacker.hpp" />
  </ItemGroup>
</Project>